
Microsoft Visual Studio Solution File, Format Version 12.00
# Visual Studio 2012
Project("{FAE04EC0-301F-11D3-BF4B-00C04F79EFBC}") = "SingleSand.Amq", "SingleSand.Amq\SingleSand.Amq.csproj", "{67F90BE4-AE63-402E-A04C-407678B47758}"
EndProject
Project("{FAE04EC0-301F-11D3-BF4B-00C04F79EFBC}") = "SingleSand.Samples.SenderApplication", "SingleSand.Samples.SenderApplication\SingleSand.Samples.SenderApplication.csproj", "{3BDE0CDC-29F6-4BE6-B6EC-B2E517D141C6}"
EndProject
Project("{FAE04EC0-301F-11D3-BF4B-00C04F79EFBC}") = "SingleSand.Samples.ListenerApplication", "SingleSand.Samples.ListenerApplication\SingleSand.Samples.ListenerApplication.csproj", "{522340AF-7103-4A9A-AEF5-10AB4276305E}"
EndProject
Project("{FAE04EC0-301F-11D3-BF4B-00C04F79EFBC}") = "SingleSand.TcpServer", "SingleSand.TcpServer\SingleSand.TcpServer.csproj", "{80270C4C-961B-4463-AA65-BAA224DC571F}"
EndProject
Project("{2150E333-8FDC-42A3-9474-1A3956D46DE8}") = ".nuget", ".nuget", "{A2A31AF0-7F71-497E-AFBD-24EC2CF10FF6}"
EndProject
Project("{FAE04EC0-301F-11D3-BF4B-00C04F79EFBC}") = "SingleSand.Utils", "SingleSand.Utils\SingleSand.Utils.csproj", "{2B2A7797-99F6-4024-9C36-989124440828}"
EndProject
Project("{FAE04EC0-301F-11D3-BF4B-00C04F79EFBC}") = "SingleSand.Tasks", "SingleSand.Tasks\SingleSand.Tasks.csproj", "{3066A26A-2998-4C71-98EA-F3FA0E81A4CE}"
EndProject
Project("{FAE04EC0-301F-11D3-BF4B-00C04F79EFBC}") = "SingleSand.Samples.Tasks", "SingleSand.Samples.Tasks\SingleSand.Samples.Tasks.csproj", "{28C510B2-87D3-4000-BDED-83AEB64079B7}"
EndProject
Project("{FAE04EC0-301F-11D3-BF4B-00C04F79EFBC}") = "SingleSand.Samples.TcpServer.Server", "SingleSand.Samples.TcpServer.Server\SingleSand.Samples.TcpServer.Server.csproj", "{845F7E6E-1748-4A0F-AAE9-6784590A5B40}"
EndProject
Project("{FAE04EC0-301F-11D3-BF4B-00C04F79EFBC}") = "SingleSand.Samples.TcpServer.Contracts", "SingleSand.Samples.TcpServer.Contracts\SingleSand.Samples.TcpServer.Contracts.csproj", "{667B67E8-70FD-4823-936D-84D453FC2D52}"
EndProject
Project("{FAE04EC0-301F-11D3-BF4B-00C04F79EFBC}") = "SingleSand.Samples.Messages", "SingleSand.Samples.Messages\SingleSand.Samples.Messages.csproj", "{9404BEA7-4235-40AF-8FC3-675500164DD2}"
EndProject
Project("{FAE04EC0-301F-11D3-BF4B-00C04F79EFBC}") = "SingleSand.Samples.Amq.Contracts", "SingleSand.Samples.Amq.Contracts\SingleSand.Samples.Amq.Contracts.csproj", "{5EA55D2E-CED8-460F-99F8-180CD6B6AD4B}"
EndProject
Project("{FAE04EC0-301F-11D3-BF4B-00C04F79EFBC}") = "SingleSand.Samples.TcpServer.Client", "SingleSand.Samples.TcpServer.Client\SingleSand.Samples.TcpServer.Client.csproj", "{13DE3C3A-6466-4E96-BE51-254A1F4E58D4}"
EndProject
Project("{FAE04EC0-301F-11D3-BF4B-00C04F79EFBC}") = "SingleSand.Samples.Amq.Server", "SingleSand.Samples.Amq.Server\SingleSand.Samples.Amq.Server.csproj", "{987C94F6-DAA5-44AD-AE33-61E8B16C85F1}"
EndProject
Project("{FAE04EC0-301F-11D3-BF4B-00C04F79EFBC}") = "SingleSand.Samples.Amq.Client", "SingleSand.Samples.Amq.Client\SingleSand.Samples.Amq.Client.csproj", "{21DA5337-4949-45F2-99FE-4416EBA721D4}"
EndProject
Global
	GlobalSection(SolutionConfigurationPlatforms) = preSolution
		Debug|Any CPU = Debug|Any CPU
		Release|Any CPU = Release|Any CPU
	EndGlobalSection
	GlobalSection(ProjectConfigurationPlatforms) = postSolution
		{67F90BE4-AE63-402E-A04C-407678B47758}.Debug|Any CPU.ActiveCfg = Debug|Any CPU
		{67F90BE4-AE63-402E-A04C-407678B47758}.Debug|Any CPU.Build.0 = Debug|Any CPU
		{67F90BE4-AE63-402E-A04C-407678B47758}.Release|Any CPU.ActiveCfg = Release|Any CPU
		{67F90BE4-AE63-402E-A04C-407678B47758}.Release|Any CPU.Build.0 = Release|Any CPU
		{3BDE0CDC-29F6-4BE6-B6EC-B2E517D141C6}.Debug|Any CPU.ActiveCfg = Debug|Any CPU
		{3BDE0CDC-29F6-4BE6-B6EC-B2E517D141C6}.Debug|Any CPU.Build.0 = Debug|Any CPU
		{3BDE0CDC-29F6-4BE6-B6EC-B2E517D141C6}.Release|Any CPU.ActiveCfg = Release|Any CPU
		{3BDE0CDC-29F6-4BE6-B6EC-B2E517D141C6}.Release|Any CPU.Build.0 = Release|Any CPU
		{522340AF-7103-4A9A-AEF5-10AB4276305E}.Debug|Any CPU.ActiveCfg = Debug|Any CPU
		{522340AF-7103-4A9A-AEF5-10AB4276305E}.Debug|Any CPU.Build.0 = Debug|Any CPU
		{522340AF-7103-4A9A-AEF5-10AB4276305E}.Release|Any CPU.ActiveCfg = Release|Any CPU
		{522340AF-7103-4A9A-AEF5-10AB4276305E}.Release|Any CPU.Build.0 = Release|Any CPU
		{80270C4C-961B-4463-AA65-BAA224DC571F}.Debug|Any CPU.ActiveCfg = Debug|Any CPU
		{80270C4C-961B-4463-AA65-BAA224DC571F}.Debug|Any CPU.Build.0 = Debug|Any CPU
		{80270C4C-961B-4463-AA65-BAA224DC571F}.Release|Any CPU.ActiveCfg = Release|Any CPU
		{80270C4C-961B-4463-AA65-BAA224DC571F}.Release|Any CPU.Build.0 = Release|Any CPU
		{2B2A7797-99F6-4024-9C36-989124440828}.Debug|Any CPU.ActiveCfg = Debug|Any CPU
		{2B2A7797-99F6-4024-9C36-989124440828}.Debug|Any CPU.Build.0 = Debug|Any CPU
		{2B2A7797-99F6-4024-9C36-989124440828}.Release|Any CPU.ActiveCfg = Release|Any CPU
		{2B2A7797-99F6-4024-9C36-989124440828}.Release|Any CPU.Build.0 = Release|Any CPU
		{3066A26A-2998-4C71-98EA-F3FA0E81A4CE}.Debug|Any CPU.ActiveCfg = Debug|Any CPU
		{3066A26A-2998-4C71-98EA-F3FA0E81A4CE}.Debug|Any CPU.Build.0 = Debug|Any CPU
		{3066A26A-2998-4C71-98EA-F3FA0E81A4CE}.Release|Any CPU.ActiveCfg = Release|Any CPU
		{3066A26A-2998-4C71-98EA-F3FA0E81A4CE}.Release|Any CPU.Build.0 = Release|Any CPU
		{28C510B2-87D3-4000-BDED-83AEB64079B7}.Debug|Any CPU.ActiveCfg = Debug|Any CPU
		{28C510B2-87D3-4000-BDED-83AEB64079B7}.Debug|Any CPU.Build.0 = Debug|Any CPU
		{28C510B2-87D3-4000-BDED-83AEB64079B7}.Release|Any CPU.ActiveCfg = Release|Any CPU
		{28C510B2-87D3-4000-BDED-83AEB64079B7}.Release|Any CPU.Build.0 = Release|Any CPU
		{845F7E6E-1748-4A0F-AAE9-6784590A5B40}.Debug|Any CPU.ActiveCfg = Debug|Any CPU
		{845F7E6E-1748-4A0F-AAE9-6784590A5B40}.Debug|Any CPU.Build.0 = Debug|Any CPU
		{845F7E6E-1748-4A0F-AAE9-6784590A5B40}.Release|Any CPU.ActiveCfg = Release|Any CPU
		{845F7E6E-1748-4A0F-AAE9-6784590A5B40}.Release|Any CPU.Build.0 = Release|Any CPU
		{667B67E8-70FD-4823-936D-84D453FC2D52}.Debug|Any CPU.ActiveCfg = Debug|Any CPU
		{667B67E8-70FD-4823-936D-84D453FC2D52}.Debug|Any CPU.Build.0 = Debug|Any CPU
		{667B67E8-70FD-4823-936D-84D453FC2D52}.Release|Any CPU.ActiveCfg = Release|Any CPU
		{667B67E8-70FD-4823-936D-84D453FC2D52}.Release|Any CPU.Build.0 = Release|Any CPU
		{9404BEA7-4235-40AF-8FC3-675500164DD2}.Debug|Any CPU.ActiveCfg = Debug|Any CPU
		{9404BEA7-4235-40AF-8FC3-675500164DD2}.Debug|Any CPU.Build.0 = Debug|Any CPU
		{9404BEA7-4235-40AF-8FC3-675500164DD2}.Release|Any CPU.ActiveCfg = Release|Any CPU
		{9404BEA7-4235-40AF-8FC3-675500164DD2}.Release|Any CPU.Build.0 = Release|Any CPU
		{5EA55D2E-CED8-460F-99F8-180CD6B6AD4B}.Debug|Any CPU.ActiveCfg = Debug|Any CPU
		{5EA55D2E-CED8-460F-99F8-180CD6B6AD4B}.Debug|Any CPU.Build.0 = Debug|Any CPU
		{5EA55D2E-CED8-460F-99F8-180CD6B6AD4B}.Release|Any CPU.ActiveCfg = Release|Any CPU
		{5EA55D2E-CED8-460F-99F8-180CD6B6AD4B}.Release|Any CPU.Build.0 = Release|Any CPU
		{13DE3C3A-6466-4E96-BE51-254A1F4E58D4}.Debug|Any CPU.ActiveCfg = Debug|Any CPU
		{13DE3C3A-6466-4E96-BE51-254A1F4E58D4}.Debug|Any CPU.Build.0 = Debug|Any CPU
		{13DE3C3A-6466-4E96-BE51-254A1F4E58D4}.Release|Any CPU.ActiveCfg = Release|Any CPU
		{13DE3C3A-6466-4E96-BE51-254A1F4E58D4}.Release|Any CPU.Build.0 = Release|Any CPU
		{987C94F6-DAA5-44AD-AE33-61E8B16C85F1}.Debug|Any CPU.ActiveCfg = Debug|Any CPU
		{987C94F6-DAA5-44AD-AE33-61E8B16C85F1}.Debug|Any CPU.Build.0 = Debug|Any CPU
		{987C94F6-DAA5-44AD-AE33-61E8B16C85F1}.Release|Any CPU.ActiveCfg = Release|Any CPU
		{987C94F6-DAA5-44AD-AE33-61E8B16C85F1}.Release|Any CPU.Build.0 = Release|Any CPU
		{21DA5337-4949-45F2-99FE-4416EBA721D4}.Debug|Any CPU.ActiveCfg = Debug|Any CPU
		{21DA5337-4949-45F2-99FE-4416EBA721D4}.Debug|Any CPU.Build.0 = Debug|Any CPU
		{21DA5337-4949-45F2-99FE-4416EBA721D4}.Release|Any CPU.ActiveCfg = Release|Any CPU
		{21DA5337-4949-45F2-99FE-4416EBA721D4}.Release|Any CPU.Build.0 = Release|Any CPU
	EndGlobalSection
	GlobalSection(SolutionProperties) = preSolution
		HideSolutionNode = FALSE
	EndGlobalSection
	GlobalSection(ExtensibilityGlobals) = postSolution
		VisualSVNWorkingCopyRoot = .
	EndGlobalSection
EndGlobal
